
Microsoft Visual Studio Solution File, Format Version 12.00
# Visual Studio Version 16
VisualStudioVersion = 16.0.30523.141
MinimumVisualStudioVersion = 10.0.40219.1
Project("{FAE04EC0-301F-11D3-BF4B-00C04F79EFBC}") = "Currency Apps", "Currency Apps\Currency Apps.csproj", "{0869225C-2FCA-49A7-9E13-67D5919ACB1C}"
EndProject
Global
	GlobalSection(SolutionConfigurationPlatforms) = preSolution
		Debug|Any CPU = Debug|Any CPU
		Release|Any CPU = Release|Any CPU
	EndGlobalSection
	GlobalSection(ProjectConfigurationPlatforms) = postSolution
		{0869225C-2FCA-49A7-9E13-67D5919ACB1C}.Debug|Any CPU.ActiveCfg = Debug|Any CPU
		{0869225C-2FCA-49A7-9E13-67D5919ACB1C}.Debug|Any CPU.Build.0 = Debug|Any CPU
		{0869225C-2FCA-49A7-9E13-67D5919ACB1C}.Release|Any CPU.ActiveCfg = Release|Any CPU
		{0869225C-2FCA-49A7-9E13-67D5919ACB1C}.Release|Any CPU.Build.0 = Release|Any CPU
	EndGlobalSection
	GlobalSection(SolutionProperties) = preSolution
		HideSolutionNode = FALSE
	EndGlobalSection
	GlobalSection(ExtensibilityGlobals) = postSolution
		SolutionGuid = {731684D5-2EB2-48F9-A673-953C7652D7E8}
	EndGlobalSection
EndGlobal
